
Microsoft Visual Studio Solution File, Format Version 12.00
# Visual Studio Version 17
VisualStudioVersion = 17.3.32825.248
MinimumVisualStudioVersion = 10.0.40219.1
Project("{FAE04EC0-301F-11D3-BF4B-00C04F79EFBC}") = "Training_Practice_1_Git", "Training_Practice_1_Git.csproj", "{F54BE7CC-EFCB-406F-A56C-7B92A4F3D300}"
EndProject
Global
	GlobalSection(SolutionConfigurationPlatforms) = preSolution
		Debug|Any CPU = Debug|Any CPU
		Release|Any CPU = Release|Any CPU
	EndGlobalSection
	GlobalSection(ProjectConfigurationPlatforms) = postSolution
		{F54BE7CC-EFCB-406F-A56C-7B92A4F3D300}.Debug|Any CPU.ActiveCfg = Debug|Any CPU
		{F54BE7CC-EFCB-406F-A56C-7B92A4F3D300}.Debug|Any CPU.Build.0 = Debug|Any CPU
		{F54BE7CC-EFCB-406F-A56C-7B92A4F3D300}.Release|Any CPU.ActiveCfg = Release|Any CPU
		{F54BE7CC-EFCB-406F-A56C-7B92A4F3D300}.Release|Any CPU.Build.0 = Release|Any CPU
	EndGlobalSection
	GlobalSection(SolutionProperties) = preSolution
		HideSolutionNode = FALSE
	EndGlobalSection
	GlobalSection(ExtensibilityGlobals) = postSolution
		SolutionGuid = {E5D50E22-8196-4F65-A150-26F7E5B0E653}
	EndGlobalSection
EndGlobal
